
Microsoft Visual Studio Solution File, Format Version 12.00
# Visual Studio 15
VisualStudioVersion = 15.0.28307.852
MinimumVisualStudioVersion = 10.0.40219.1
Project("{FAE04EC0-301F-11D3-BF4B-00C04F79EFBC}") = "MyFirstXamarinApp.Android", "MyFirstXamarinApp\MyFirstXamarinApp.Android\MyFirstXamarinApp.Android.csproj", "{8FDC6F40-8F9F-4908-99B7-C82FDAAA0C34}"
EndProject
Project("{FAE04EC0-301F-11D3-BF4B-00C04F79EFBC}") = "MyFirstXamarinApp.iOS", "MyFirstXamarinApp\MyFirstXamarinApp.iOS\MyFirstXamarinApp.iOS.csproj", "{FDFF04A5-011F-4ED1-A996-B6E272C5D08A}"
EndProject
Project("{FAE04EC0-301F-11D3-BF4B-00C04F79EFBC}") = "MyFirstXamarinApp.UWP", "MyFirstXamarinApp\MyFirstXamarinApp.UWP\MyFirstXamarinApp.UWP.csproj", "{3C5809C6-79D4-44B1-9D32-9CAE49160FC6}"
EndProject
Project("{FAE04EC0-301F-11D3-BF4B-00C04F79EFBC}") = "MyFirstXamarinApp", "MyFirstXamarinApp\MyFirstXamarinApp\MyFirstXamarinApp.csproj", "{FB316770-0E67-4B7A-92A8-3AA32603BFB5}"
EndProject
Global
	GlobalSection(SolutionConfigurationPlatforms) = preSolution
		Ad-Hoc|Any CPU = Ad-Hoc|Any CPU
		Ad-Hoc|ARM = Ad-Hoc|ARM
		Ad-Hoc|iPhone = Ad-Hoc|iPhone
		Ad-Hoc|iPhoneSimulator = Ad-Hoc|iPhoneSimulator
		Ad-Hoc|x64 = Ad-Hoc|x64
		Ad-Hoc|x86 = Ad-Hoc|x86
		AppStore|Any CPU = AppStore|Any CPU
		AppStore|ARM = AppStore|ARM
		AppStore|iPhone = AppStore|iPhone
		AppStore|iPhoneSimulator = AppStore|iPhoneSimulator
		AppStore|x64 = AppStore|x64
		AppStore|x86 = AppStore|x86
		Debug|Any CPU = Debug|Any CPU
		Debug|ARM = Debug|ARM
		Debug|iPhone = Debug|iPhone
		Debug|iPhoneSimulator = Debug|iPhoneSimulator
		Debug|x64 = Debug|x64
		Debug|x86 = Debug|x86
		Release|Any CPU = Release|Any CPU
		Release|ARM = Release|ARM
		Release|iPhone = Release|iPhone
		Release|iPhoneSimulator = Release|iPhoneSimulator
		Release|x64 = Release|x64
		Release|x86 = Release|x86
	EndGlobalSection
	GlobalSection(ProjectConfigurationPlatforms) = postSolution
		{8FDC6F40-8F9F-4908-99B7-C82FDAAA0C34}.Ad-Hoc|Any CPU.ActiveCfg = Release|Any CPU
		{8FDC6F40-8F9F-4908-99B7-C82FDAAA0C34}.Ad-Hoc|Any CPU.Build.0 = Release|Any CPU
		{8FDC6F40-8F9F-4908-99B7-C82FDAAA0C34}.Ad-Hoc|Any CPU.Deploy.0 = Release|Any CPU
		{8FDC6F40-8F9F-4908-99B7-C82FDAAA0C34}.Ad-Hoc|ARM.ActiveCfg = Release|Any CPU
		{8FDC6F40-8F9F-4908-99B7-C82FDAAA0C34}.Ad-Hoc|ARM.Build.0 = Release|Any CPU
		{8FDC6F40-8F9F-4908-99B7-C82FDAAA0C34}.Ad-Hoc|ARM.Deploy.0 = Release|Any CPU
		{8FDC6F40-8F9F-4908-99B7-C82FDAAA0C34}.Ad-Hoc|iPhone.ActiveCfg = Release|Any CPU
		{8FDC6F40-8F9F-4908-99B7-C82FDAAA0C34}.Ad-Hoc|iPhone.Build.0 = Release|Any CPU
		{8FDC6F40-8F9F-4908-99B7-C82FDAAA0C34}.Ad-Hoc|iPhone.Deploy.0 = Release|Any CPU
		{8FDC6F40-8F9F-4908-99B7-C82FDAAA0C34}.Ad-Hoc|iPhoneSimulator.ActiveCfg = Release|Any CPU
		{8FDC6F40-8F9F-4908-99B7-C82FDAAA0C34}.Ad-Hoc|iPhoneSimulator.Build.0 = Release|Any CPU
		{8FDC6F40-8F9F-4908-99B7-C82FDAAA0C34}.Ad-Hoc|iPhoneSimulator.Deploy.0 = Release|Any CPU
		{8FDC6F40-8F9F-4908-99B7-C82FDAAA0C34}.Ad-Hoc|x64.ActiveCfg = Release|Any CPU
		{8FDC6F40-8F9F-4908-99B7-C82FDAAA0C34}.Ad-Hoc|x64.Build.0 = Release|Any CPU
		{8FDC6F40-8F9F-4908-99B7-C82FDAAA0C34}.Ad-Hoc|x64.Deploy.0 = Release|Any CPU
		{8FDC6F40-8F9F-4908-99B7-C82FDAAA0C34}.Ad-Hoc|x86.ActiveCfg = Release|Any CPU
		{8FDC6F40-8F9F-4908-99B7-C82FDAAA0C34}.Ad-Hoc|x86.Build.0 = Release|Any CPU
		{8FDC6F40-8F9F-4908-99B7-C82FDAAA0C34}.Ad-Hoc|x86.Deploy.0 = Release|Any CPU
		{8FDC6F40-8F9F-4908-99B7-C82FDAAA0C34}.AppStore|Any CPU.ActiveCfg = Release|Any CPU
		{8FDC6F40-8F9F-4908-99B7-C82FDAAA0C34}.AppStore|Any CPU.Build.0 = Release|Any CPU
		{8FDC6F40-8F9F-4908-99B7-C82FDAAA0C34}.AppStore|Any CPU.Deploy.0 = Release|Any CPU
		{8FDC6F40-8F9F-4908-99B7-C82FDAAA0C34}.AppStore|ARM.ActiveCfg = Release|Any CPU
		{8FDC6F40-8F9F-4908-99B7-C82FDAAA0C34}.AppStore|ARM.Build.0 = Release|Any CPU
		{8FDC6F40-8F9F-4908-99B7-C82FDAAA0C34}.AppStore|ARM.Deploy.0 = Release|Any CPU
		{8FDC6F40-8F9F-4908-99B7-C82FDAAA0C34}.AppStore|iPhone.ActiveCfg = Release|Any CPU
		{8FDC6F40-8F9F-4908-99B7-C82FDAAA0C34}.AppStore|iPhone.Build.0 = Release|Any CPU
		{8FDC6F40-8F9F-4908-99B7-C82FDAAA0C34}.AppStore|iPhone.Deploy.0 = Release|Any CPU
		{8FDC6F40-8F9F-4908-99B7-C82FDAAA0C34}.AppStore|iPhoneSimulator.ActiveCfg = Release|Any CPU
		{8FDC6F40-8F9F-4908-99B7-C82FDAAA0C34}.AppStore|iPhoneSimulator.Build.0 = Release|Any CPU
		{8FDC6F40-8F9F-4908-99B7-C82FDAAA0C34}.AppStore|iPhoneSimulator.Deploy.0 = Release|Any CPU
		{8FDC6F40-8F9F-4908-99B7-C82FDAAA0C34}.AppStore|x64.ActiveCfg = Release|Any CPU
		{8FDC6F40-8F9F-4908-99B7-C82FDAAA0C34}.AppStore|x64.Build.0 = Release|Any CPU
		{8FDC6F40-8F9F-4908-99B7-C82FDAAA0C34}.AppStore|x64.Deploy.0 = Release|Any CPU
		{8FDC6F40-8F9F-4908-99B7-C82FDAAA0C34}.AppStore|x86.ActiveCfg = Release|Any CPU
		{8FDC6F40-8F9F-4908-99B7-C82FDAAA0C34}.AppStore|x86.Build.0 = Release|Any CPU
		{8FDC6F40-8F9F-4908-99B7-C82FDAAA0C34}.AppStore|x86.Deploy.0 = Release|Any CPU
		{8FDC6F40-8F9F-4908-99B7-C82FDAAA0C34}.Debug|Any CPU.ActiveCfg = Debug|Any CPU
		{8FDC6F40-8F9F-4908-99B7-C82FDAAA0C34}.Debug|Any CPU.Build.0 = Debug|Any CPU
		{8FDC6F40-8F9F-4908-99B7-C82FDAAA0C34}.Debug|Any CPU.Deploy.0 = Debug|Any CPU
		{8FDC6F40-8F9F-4908-99B7-C82FDAAA0C34}.Debug|ARM.ActiveCfg = Debug|Any CPU
		{8FDC6F40-8F9F-4908-99B7-C82FDAAA0C34}.Debug|ARM.Build.0 = Debug|Any CPU
		{8FDC6F40-8F9F-4908-99B7-C82FDAAA0C34}.Debug|ARM.Deploy.0 = Debug|Any CPU
		{8FDC6F40-8F9F-4908-99B7-C82FDAAA0C34}.Debug|iPhone.ActiveCfg = Debug|Any CPU
		{8FDC6F40-8F9F-4908-99B7-C82FDAAA0C34}.Debug|iPhone.Build.0 = Debug|Any CPU
		{8FDC6F40-8F9F-4908-99B7-C82FDAAA0C34}.Debug|iPhone.Deploy.0 = Debug|Any CPU
		{8FDC6F40-8F9F-4908-99B7-C82FDAAA0C34}.Debug|iPhoneSimulator.ActiveCfg = Debug|Any CPU
		{8FDC6F40-8F9F-4908-99B7-C82FDAAA0C34}.Debug|iPhoneSimulator.Build.0 = Debug|Any CPU
		{8FDC6F40-8F9F-4908-99B7-C82FDAAA0C34}.Debug|iPhoneSimulator.Deploy.0 = Debug|Any CPU
		{8FDC6F40-8F9F-4908-99B7-C82FDAAA0C34}.Debug|x64.ActiveCfg = Debug|Any CPU
		{8FDC6F40-8F9F-4908-99B7-C82FDAAA0C34}.Debug|x64.Build.0 = Debug|Any CPU
		{8FDC6F40-8F9F-4908-99B7-C82FDAAA0C34}.Debug|x64.Deploy.0 = Debug|Any CPU
		{8FDC6F40-8F9F-4908-99B7-C82FDAAA0C34}.Debug|x86.ActiveCfg = Debug|Any CPU
		{8FDC6F40-8F9F-4908-99B7-C82FDAAA0C34}.Debug|x86.Build.0 = Debug|Any CPU
		{8FDC6F40-8F9F-4908-99B7-C82FDAAA0C34}.Debug|x86.Deploy.0 = Debug|Any CPU
		{8FDC6F40-8F9F-4908-99B7-C82FDAAA0C34}.Release|Any CPU.ActiveCfg = Release|Any CPU
		{8FDC6F40-8F9F-4908-99B7-C82FDAAA0C34}.Release|Any CPU.Build.0 = Release|Any CPU
		{8FDC6F40-8F9F-4908-99B7-C82FDAAA0C34}.Release|Any CPU.Deploy.0 = Release|Any CPU
		{8FDC6F40-8F9F-4908-99B7-C82FDAAA0C34}.Release|ARM.ActiveCfg = Release|Any CPU
		{8FDC6F40-8F9F-4908-99B7-C82FDAAA0C34}.Release|ARM.Build.0 = Release|Any CPU
		{8FDC6F40-8F9F-4908-99B7-C82FDAAA0C34}.Release|ARM.Deploy.0 = Release|Any CPU
		{8FDC6F40-8F9F-4908-99B7-C82FDAAA0C34}.Release|iPhone.ActiveCfg = Release|Any CPU
		{8FDC6F40-8F9F-4908-99B7-C82FDAAA0C34}.Release|iPhone.Build.0 = Release|Any CPU
		{8FDC6F40-8F9F-4908-99B7-C82FDAAA0C34}.Release|iPhone.Deploy.0 = Release|Any CPU
		{8FDC6F40-8F9F-4908-99B7-C82FDAAA0C34}.Release|iPhoneSimulator.ActiveCfg = Release|Any CPU
		{8FDC6F40-8F9F-4908-99B7-C82FDAAA0C34}.Release|iPhoneSimulator.Build.0 = Release|Any CPU
		{8FDC6F40-8F9F-4908-99B7-C82FDAAA0C34}.Release|iPhoneSimulator.Deploy.0 = Release|Any CPU
		{8FDC6F40-8F9F-4908-99B7-C82FDAAA0C34}.Release|x64.ActiveCfg = Release|Any CPU
		{8FDC6F40-8F9F-4908-99B7-C82FDAAA0C34}.Release|x64.Build.0 = Release|Any CPU
		{8FDC6F40-8F9F-4908-99B7-C82FDAAA0C34}.Release|x64.Deploy.0 = Release|Any CPU
		{8FDC6F40-8F9F-4908-99B7-C82FDAAA0C34}.Release|x86.ActiveCfg = Release|Any CPU
		{8FDC6F40-8F9F-4908-99B7-C82FDAAA0C34}.Release|x86.Build.0 = Release|Any CPU
		{8FDC6F40-8F9F-4908-99B7-C82FDAAA0C34}.Release|x86.Deploy.0 = Release|Any CPU
		{FDFF04A5-011F-4ED1-A996-B6E272C5D08A}.Ad-Hoc|Any CPU.ActiveCfg = Ad-Hoc|iPhone
		{FDFF04A5-011F-4ED1-A996-B6E272C5D08A}.Ad-Hoc|Any CPU.Build.0 = Ad-Hoc|iPhone
		{FDFF04A5-011F-4ED1-A996-B6E272C5D08A}.Ad-Hoc|Any CPU.Deploy.0 = Ad-Hoc|iPhone
		{FDFF04A5-011F-4ED1-A996-B6E272C5D08A}.Ad-Hoc|ARM.ActiveCfg = Ad-Hoc|iPhone
		{FDFF04A5-011F-4ED1-A996-B6E272C5D08A}.Ad-Hoc|ARM.Build.0 = Ad-Hoc|iPhone
		{FDFF04A5-011F-4ED1-A996-B6E272C5D08A}.Ad-Hoc|ARM.Deploy.0 = Ad-Hoc|iPhone
		{FDFF04A5-011F-4ED1-A996-B6E272C5D08A}.Ad-Hoc|iPhone.ActiveCfg = Ad-Hoc|iPhone
		{FDFF04A5-011F-4ED1-A996-B6E272C5D08A}.Ad-Hoc|iPhone.Build.0 = Ad-Hoc|iPhone
		{FDFF04A5-011F-4ED1-A996-B6E272C5D08A}.Ad-Hoc|iPhone.Deploy.0 = Ad-Hoc|iPhone
		{FDFF04A5-011F-4ED1-A996-B6E272C5D08A}.Ad-Hoc|iPhoneSimulator.ActiveCfg = Ad-Hoc|iPhoneSimulator
		{FDFF04A5-011F-4ED1-A996-B6E272C5D08A}.Ad-Hoc|iPhoneSimulator.Build.0 = Ad-Hoc|iPhoneSimulator
		{FDFF04A5-011F-4ED1-A996-B6E272C5D08A}.Ad-Hoc|iPhoneSimulator.Deploy.0 = Ad-Hoc|iPhoneSimulator
		{FDFF04A5-011F-4ED1-A996-B6E272C5D08A}.Ad-Hoc|x64.ActiveCfg = Ad-Hoc|iPhone
		{FDFF04A5-011F-4ED1-A996-B6E272C5D08A}.Ad-Hoc|x64.Build.0 = Ad-Hoc|iPhone
		{FDFF04A5-011F-4ED1-A996-B6E272C5D08A}.Ad-Hoc|x64.Deploy.0 = Ad-Hoc|iPhone
		{FDFF04A5-011F-4ED1-A996-B6E272C5D08A}.Ad-Hoc|x86.ActiveCfg = Ad-Hoc|iPhone
		{FDFF04A5-011F-4ED1-A996-B6E272C5D08A}.Ad-Hoc|x86.Build.0 = Ad-Hoc|iPhone
		{FDFF04A5-011F-4ED1-A996-B6E272C5D08A}.Ad-Hoc|x86.Deploy.0 = Ad-Hoc|iPhone
		{FDFF04A5-011F-4ED1-A996-B6E272C5D08A}.AppStore|Any CPU.ActiveCfg = AppStore|iPhone
		{FDFF04A5-011F-4ED1-A996-B6E272C5D08A}.AppStore|Any CPU.Build.0 = AppStore|iPhone
		{FDFF04A5-011F-4ED1-A996-B6E272C5D08A}.AppStore|Any CPU.Deploy.0 = AppStore|iPhone
		{FDFF04A5-011F-4ED1-A996-B6E272C5D08A}.AppStore|ARM.ActiveCfg = AppStore|iPhone
		{FDFF04A5-011F-4ED1-A996-B6E272C5D08A}.AppStore|ARM.Build.0 = AppStore|iPhone
		{FDFF04A5-011F-4ED1-A996-B6E272C5D08A}.AppStore|ARM.Deploy.0 = AppStore|iPhone
		{FDFF04A5-011F-4ED1-A996-B6E272C5D08A}.AppStore|iPhone.ActiveCfg = AppStore|iPhone
		{FDFF04A5-011F-4ED1-A996-B6E272C5D08A}.AppStore|iPhone.Build.0 = AppStore|iPhone
		{FDFF04A5-011F-4ED1-A996-B6E272C5D08A}.AppStore|iPhone.Deploy.0 = AppStore|iPhone
		{FDFF04A5-011F-4ED1-A996-B6E272C5D08A}.AppStore|iPhoneSimulator.ActiveCfg = AppStore|iPhoneSimulator
		{FDFF04A5-011F-4ED1-A996-B6E272C5D08A}.AppStore|iPhoneSimulator.Build.0 = AppStore|iPhoneSimulator
		{FDFF04A5-011F-4ED1-A996-B6E272C5D08A}.AppStore|iPhoneSimulator.Deploy.0 = AppStore|iPhoneSimulator
		{FDFF04A5-011F-4ED1-A996-B6E272C5D08A}.AppStore|x64.ActiveCfg = AppStore|iPhone
		{FDFF04A5-011F-4ED1-A996-B6E272C5D08A}.AppStore|x64.Build.0 = AppStore|iPhone
		{FDFF04A5-011F-4ED1-A996-B6E272C5D08A}.AppStore|x64.Deploy.0 = AppStore|iPhone
		{FDFF04A5-011F-4ED1-A996-B6E272C5D08A}.AppStore|x86.ActiveCfg = AppStore|iPhone
		{FDFF04A5-011F-4ED1-A996-B6E272C5D08A}.AppStore|x86.Build.0 = AppStore|iPhone
		{FDFF04A5-011F-4ED1-A996-B6E272C5D08A}.AppStore|x86.Deploy.0 = AppStore|iPhone
		{FDFF04A5-011F-4ED1-A996-B6E272C5D08A}.Debug|Any CPU.ActiveCfg = Debug|iPhoneSimulator
		{FDFF04A5-011F-4ED1-A996-B6E272C5D08A}.Debug|Any CPU.Build.0 = Debug|iPhoneSimulator
		{FDFF04A5-011F-4ED1-A996-B6E272C5D08A}.Debug|Any CPU.Deploy.0 = Debug|iPhoneSimulator
		{FDFF04A5-011F-4ED1-A996-B6E272C5D08A}.Debug|ARM.ActiveCfg = Debug|iPhone
		{FDFF04A5-011F-4ED1-A996-B6E272C5D08A}.Debug|ARM.Build.0 = Debug|iPhone
		{FDFF04A5-011F-4ED1-A996-B6E272C5D08A}.Debug|ARM.Deploy.0 = Debug|iPhone
		{FDFF04A5-011F-4ED1-A996-B6E272C5D08A}.Debug|iPhone.ActiveCfg = Debug|iPhone
		{FDFF04A5-011F-4ED1-A996-B6E272C5D08A}.Debug|iPhone.Build.0 = Debug|iPhone
		{FDFF04A5-011F-4ED1-A996-B6E272C5D08A}.Debug|iPhone.Deploy.0 = Debug|iPhone
		{FDFF04A5-011F-4ED1-A996-B6E272C5D08A}.Debug|iPhoneSimulator.ActiveCfg = Debug|iPhoneSimulator
		{FDFF04A5-011F-4ED1-A996-B6E272C5D08A}.Debug|iPhoneSimulator.Build.0 = Debug|iPhoneSimulator
		{FDFF04A5-011F-4ED1-A996-B6E272C5D08A}.Debug|iPhoneSimulator.Deploy.0 = Debug|iPhoneSimulator
		{FDFF04A5-011F-4ED1-A996-B6E272C5D08A}.Debug|x64.ActiveCfg = Debug|iPhone
		{FDFF04A5-011F-4ED1-A996-B6E272C5D08A}.Debug|x64.Build.0 = Debug|iPhone
		{FDFF04A5-011F-4ED1-A996-B6E272C5D08A}.Debug|x64.Deploy.0 = Debug|iPhone
		{FDFF04A5-011F-4ED1-A996-B6E272C5D08A}.Debug|x86.ActiveCfg = Debug|iPhone
		{FDFF04A5-011F-4ED1-A996-B6E272C5D08A}.Debug|x86.Build.0 = Debug|iPhone
		{FDFF04A5-011F-4ED1-A996-B6E272C5D08A}.Debug|x86.Deploy.0 = Debug|iPhone
		{FDFF04A5-011F-4ED1-A996-B6E272C5D08A}.Release|Any CPU.ActiveCfg = Release|iPhone
		{FDFF04A5-011F-4ED1-A996-B6E272C5D08A}.Release|Any CPU.Build.0 = Release|iPhone
		{FDFF04A5-011F-4ED1-A996-B6E272C5D08A}.Release|Any CPU.Deploy.0 = Release|iPhone
		{FDFF04A5-011F-4ED1-A996-B6E272C5D08A}.Release|ARM.ActiveCfg = Release|iPhone
		{FDFF04A5-011F-4ED1-A996-B6E272C5D08A}.Release|ARM.Build.0 = Release|iPhone
		{FDFF04A5-011F-4ED1-A996-B6E272C5D08A}.Release|ARM.Deploy.0 = Release|iPhone
		{FDFF04A5-011F-4ED1-A996-B6E272C5D08A}.Release|iPhone.ActiveCfg = Release|iPhone
		{FDFF04A5-011F-4ED1-A996-B6E272C5D08A}.Release|iPhone.Build.0 = Release|iPhone
		{FDFF04A5-011F-4ED1-A996-B6E272C5D08A}.Release|iPhone.Deploy.0 = Release|iPhone
		{FDFF04A5-011F-4ED1-A996-B6E272C5D08A}.Release|iPhoneSimulator.ActiveCfg = Release|iPhoneSimulator
		{FDFF04A5-011F-4ED1-A996-B6E272C5D08A}.Release|iPhoneSimulator.Build.0 = Release|iPhoneSimulator
		{FDFF04A5-011F-4ED1-A996-B6E272C5D08A}.Release|iPhoneSimulator.Deploy.0 = Release|iPhoneSimulator
		{FDFF04A5-011F-4ED1-A996-B6E272C5D08A}.Release|x64.ActiveCfg = Release|iPhone
		{FDFF04A5-011F-4ED1-A996-B6E272C5D08A}.Release|x64.Build.0 = Release|iPhone
		{FDFF04A5-011F-4ED1-A996-B6E272C5D08A}.Release|x64.Deploy.0 = Release|iPhone
		{FDFF04A5-011F-4ED1-A996-B6E272C5D08A}.Release|x86.ActiveCfg = Release|iPhone
		{FDFF04A5-011F-4ED1-A996-B6E272C5D08A}.Release|x86.Build.0 = Release|iPhone
		{FDFF04A5-011F-4ED1-A996-B6E272C5D08A}.Release|x86.Deploy.0 = Release|iPhone
		{3C5809C6-79D4-44B1-9D32-9CAE49160FC6}.Ad-Hoc|Any CPU.ActiveCfg = Release|x86
		{3C5809C6-79D4-44B1-9D32-9CAE49160FC6}.Ad-Hoc|Any CPU.Build.0 = Release|x86
		{3C5809C6-79D4-44B1-9D32-9CAE49160FC6}.Ad-Hoc|Any CPU.Deploy.0 = Release|x86
		{3C5809C6-79D4-44B1-9D32-9CAE49160FC6}.Ad-Hoc|ARM.ActiveCfg = Release|ARM
		{3C5809C6-79D4-44B1-9D32-9CAE49160FC6}.Ad-Hoc|ARM.Build.0 = Release|ARM
		{3C5809C6-79D4-44B1-9D32-9CAE49160FC6}.Ad-Hoc|ARM.Deploy.0 = Release|ARM
		{3C5809C6-79D4-44B1-9D32-9CAE49160FC6}.Ad-Hoc|iPhone.ActiveCfg = Release|x86
		{3C5809C6-79D4-44B1-9D32-9CAE49160FC6}.Ad-Hoc|iPhone.Build.0 = Release|x86
		{3C5809C6-79D4-44B1-9D32-9CAE49160FC6}.Ad-Hoc|iPhone.Deploy.0 = Release|x86
		{3C5809C6-79D4-44B1-9D32-9CAE49160FC6}.Ad-Hoc|iPhoneSimulator.ActiveCfg = Release|x86
		{3C5809C6-79D4-44B1-9D32-9CAE49160FC6}.Ad-Hoc|iPhoneSimulator.Build.0 = Release|x86
		{3C5809C6-79D4-44B1-9D32-9CAE49160FC6}.Ad-Hoc|iPhoneSimulator.Deploy.0 = Release|x86
		{3C5809C6-79D4-44B1-9D32-9CAE49160FC6}.Ad-Hoc|x64.ActiveCfg = Release|x64
		{3C5809C6-79D4-44B1-9D32-9CAE49160FC6}.Ad-Hoc|x64.Build.0 = Release|x64
		{3C5809C6-79D4-44B1-9D32-9CAE49160FC6}.Ad-Hoc|x64.Deploy.0 = Release|x64
		{3C5809C6-79D4-44B1-9D32-9CAE49160FC6}.Ad-Hoc|x86.ActiveCfg = Release|x86
		{3C5809C6-79D4-44B1-9D32-9CAE49160FC6}.Ad-Hoc|x86.Build.0 = Release|x86
		{3C5809C6-79D4-44B1-9D32-9CAE49160FC6}.Ad-Hoc|x86.Deploy.0 = Release|x86
		{3C5809C6-79D4-44B1-9D32-9CAE49160FC6}.AppStore|Any CPU.ActiveCfg = Release|x86
		{3C5809C6-79D4-44B1-9D32-9CAE49160FC6}.AppStore|Any CPU.Build.0 = Release|x86
		{3C5809C6-79D4-44B1-9D32-9CAE49160FC6}.AppStore|Any CPU.Deploy.0 = Release|x86
		{3C5809C6-79D4-44B1-9D32-9CAE49160FC6}.AppStore|ARM.ActiveCfg = Release|ARM
		{3C5809C6-79D4-44B1-9D32-9CAE49160FC6}.AppStore|ARM.Build.0 = Release|ARM
		{3C5809C6-79D4-44B1-9D32-9CAE49160FC6}.AppStore|ARM.Deploy.0 = Release|ARM
		{3C5809C6-79D4-44B1-9D32-9CAE49160FC6}.AppStore|iPhone.ActiveCfg = Release|x86
		{3C5809C6-79D4-44B1-9D32-9CAE49160FC6}.AppStore|iPhone.Build.0 = Release|x86
		{3C5809C6-79D4-44B1-9D32-9CAE49160FC6}.AppStore|iPhone.Deploy.0 = Release|x86
		{3C5809C6-79D4-44B1-9D32-9CAE49160FC6}.AppStore|iPhoneSimulator.ActiveCfg = Release|x86
		{3C5809C6-79D4-44B1-9D32-9CAE49160FC6}.AppStore|iPhoneSimulator.Build.0 = Release|x86
		{3C5809C6-79D4-44B1-9D32-9CAE49160FC6}.AppStore|iPhoneSimulator.Deploy.0 = Release|x86
		{3C5809C6-79D4-44B1-9D32-9CAE49160FC6}.AppStore|x64.ActiveCfg = Release|x64
		{3C5809C6-79D4-44B1-9D32-9CAE49160FC6}.AppStore|x64.Build.0 = Release|x64
		{3C5809C6-79D4-44B1-9D32-9CAE49160FC6}.AppStore|x64.Deploy.0 = Release|x64
		{3C5809C6-79D4-44B1-9D32-9CAE49160FC6}.AppStore|x86.ActiveCfg = Release|x86
		{3C5809C6-79D4-44B1-9D32-9CAE49160FC6}.AppStore|x86.Build.0 = Release|x86
		{3C5809C6-79D4-44B1-9D32-9CAE49160FC6}.AppStore|x86.Deploy.0 = Release|x86
		{3C5809C6-79D4-44B1-9D32-9CAE49160FC6}.Debug|Any CPU.ActiveCfg = Debug|x86
		{3C5809C6-79D4-44B1-9D32-9CAE49160FC6}.Debug|Any CPU.Build.0 = Debug|x86
		{3C5809C6-79D4-44B1-9D32-9CAE49160FC6}.Debug|Any CPU.Deploy.0 = Debug|x86
		{3C5809C6-79D4-44B1-9D32-9CAE49160FC6}.Debug|ARM.ActiveCfg = Debug|ARM
		{3C5809C6-79D4-44B1-9D32-9CAE49160FC6}.Debug|ARM.Build.0 = Debug|ARM
		{3C5809C6-79D4-44B1-9D32-9CAE49160FC6}.Debug|ARM.Deploy.0 = Debug|ARM
		{3C5809C6-79D4-44B1-9D32-9CAE49160FC6}.Debug|iPhone.ActiveCfg = Debug|x86
		{3C5809C6-79D4-44B1-9D32-9CAE49160FC6}.Debug|iPhone.Build.0 = Debug|x86
		{3C5809C6-79D4-44B1-9D32-9CAE49160FC6}.Debug|iPhone.Deploy.0 = Debug|x86
		{3C5809C6-79D4-44B1-9D32-9CAE49160FC6}.Debug|iPhoneSimulator.ActiveCfg = Debug|x86
		{3C5809C6-79D4-44B1-9D32-9CAE49160FC6}.Debug|iPhoneSimulator.Build.0 = Debug|x86
		{3C5809C6-79D4-44B1-9D32-9CAE49160FC6}.Debug|iPhoneSimulator.Deploy.0 = Debug|x86
		{3C5809C6-79D4-44B1-9D32-9CAE49160FC6}.Debug|x64.ActiveCfg = Debug|x64
		{3C5809C6-79D4-44B1-9D32-9CAE49160FC6}.Debug|x64.Build.0 = Debug|x64
		{3C5809C6-79D4-44B1-9D32-9CAE49160FC6}.Debug|x64.Deploy.0 = Debug|x64
		{3C5809C6-79D4-44B1-9D32-9CAE49160FC6}.Debug|x86.ActiveCfg = Debug|x86
		{3C5809C6-79D4-44B1-9D32-9CAE49160FC6}.Debug|x86.Build.0 = Debug|x86
		{3C5809C6-79D4-44B1-9D32-9CAE49160FC6}.Debug|x86.Deploy.0 = Debug|x86
		{3C5809C6-79D4-44B1-9D32-9CAE49160FC6}.Release|Any CPU.ActiveCfg = Release|x86
		{3C5809C6-79D4-44B1-9D32-9CAE49160FC6}.Release|Any CPU.Build.0 = Release|x86
		{3C5809C6-79D4-44B1-9D32-9CAE49160FC6}.Release|Any CPU.Deploy.0 = Release|x86
		{3C5809C6-79D4-44B1-9D32-9CAE49160FC6}.Release|ARM.ActiveCfg = Release|ARM
		{3C5809C6-79D4-44B1-9D32-9CAE49160FC6}.Release|ARM.Build.0 = Release|ARM
		{3C5809C6-79D4-44B1-9D32-9CAE49160FC6}.Release|ARM.Deploy.0 = Release|ARM
		{3C5809C6-79D4-44B1-9D32-9CAE49160FC6}.Release|iPhone.ActiveCfg = Release|x86
		{3C5809C6-79D4-44B1-9D32-9CAE49160FC6}.Release|iPhone.Build.0 = Release|x86
		{3C5809C6-79D4-44B1-9D32-9CAE49160FC6}.Release|iPhone.Deploy.0 = Release|x86
		{3C5809C6-79D4-44B1-9D32-9CAE49160FC6}.Release|iPhoneSimulator.ActiveCfg = Release|x86
		{3C5809C6-79D4-44B1-9D32-9CAE49160FC6}.Release|iPhoneSimulator.Build.0 = Release|x86
		{3C5809C6-79D4-44B1-9D32-9CAE49160FC6}.Release|iPhoneSimulator.Deploy.0 = Release|x86
		{3C5809C6-79D4-44B1-9D32-9CAE49160FC6}.Release|x64.ActiveCfg = Release|x64
		{3C5809C6-79D4-44B1-9D32-9CAE49160FC6}.Release|x64.Build.0 = Release|x64
		{3C5809C6-79D4-44B1-9D32-9CAE49160FC6}.Release|x64.Deploy.0 = Release|x64
		{3C5809C6-79D4-44B1-9D32-9CAE49160FC6}.Release|x86.ActiveCfg = Release|x86
		{3C5809C6-79D4-44B1-9D32-9CAE49160FC6}.Release|x86.Build.0 = Release|x86
		{3C5809C6-79D4-44B1-9D32-9CAE49160FC6}.Release|x86.Deploy.0 = Release|x86
		{FB316770-0E67-4B7A-92A8-3AA32603BFB5}.Ad-Hoc|Any CPU.ActiveCfg = Debug|Any CPU
		{FB316770-0E67-4B7A-92A8-3AA32603BFB5}.Ad-Hoc|Any CPU.Build.0 = Debug|Any CPU
		{FB316770-0E67-4B7A-92A8-3AA32603BFB5}.Ad-Hoc|Any CPU.Deploy.0 = Debug|Any CPU
		{FB316770-0E67-4B7A-92A8-3AA32603BFB5}.Ad-Hoc|ARM.ActiveCfg = Debug|Any CPU
		{FB316770-0E67-4B7A-92A8-3AA32603BFB5}.Ad-Hoc|ARM.Build.0 = Debug|Any CPU
		{FB316770-0E67-4B7A-92A8-3AA32603BFB5}.Ad-Hoc|ARM.Deploy.0 = Debug|Any CPU
		{FB316770-0E67-4B7A-92A8-3AA32603BFB5}.Ad-Hoc|iPhone.ActiveCfg = Debug|Any CPU
		{FB316770-0E67-4B7A-92A8-3AA32603BFB5}.Ad-Hoc|iPhone.Build.0 = Debug|Any CPU
		{FB316770-0E67-4B7A-92A8-3AA32603BFB5}.Ad-Hoc|iPhone.Deploy.0 = Debug|Any CPU
		{FB316770-0E67-4B7A-92A8-3AA32603BFB5}.Ad-Hoc|iPhoneSimulator.ActiveCfg = Debug|Any CPU
		{FB316770-0E67-4B7A-92A8-3AA32603BFB5}.Ad-Hoc|iPhoneSimulator.Build.0 = Debug|Any CPU
		{FB316770-0E67-4B7A-92A8-3AA32603BFB5}.Ad-Hoc|iPhoneSimulator.Deploy.0 = Debug|Any CPU
		{FB316770-0E67-4B7A-92A8-3AA32603BFB5}.Ad-Hoc|x64.ActiveCfg = Debug|Any CPU
		{FB316770-0E67-4B7A-92A8-3AA32603BFB5}.Ad-Hoc|x64.Build.0 = Debug|Any CPU
		{FB316770-0E67-4B7A-92A8-3AA32603BFB5}.Ad-Hoc|x64.Deploy.0 = Debug|Any CPU
		{FB316770-0E67-4B7A-92A8-3AA32603BFB5}.Ad-Hoc|x86.ActiveCfg = Debug|Any CPU
		{FB316770-0E67-4B7A-92A8-3AA32603BFB5}.Ad-Hoc|x86.Build.0 = Debug|Any CPU
		{FB316770-0E67-4B7A-92A8-3AA32603BFB5}.Ad-Hoc|x86.Deploy.0 = Debug|Any CPU
		{FB316770-0E67-4B7A-92A8-3AA32603BFB5}.AppStore|Any CPU.ActiveCfg = Debug|Any CPU
		{FB316770-0E67-4B7A-92A8-3AA32603BFB5}.AppStore|Any CPU.Build.0 = Debug|Any CPU
		{FB316770-0E67-4B7A-92A8-3AA32603BFB5}.AppStore|Any CPU.Deploy.0 = Debug|Any CPU
		{FB316770-0E67-4B7A-92A8-3AA32603BFB5}.AppStore|ARM.ActiveCfg = Debug|Any CPU
		{FB316770-0E67-4B7A-92A8-3AA32603BFB5}.AppStore|ARM.Build.0 = Debug|Any CPU
		{FB316770-0E67-4B7A-92A8-3AA32603BFB5}.AppStore|ARM.Deploy.0 = Debug|Any CPU
		{FB316770-0E67-4B7A-92A8-3AA32603BFB5}.AppStore|iPhone.ActiveCfg = Debug|Any CPU
		{FB316770-0E67-4B7A-92A8-3AA32603BFB5}.AppStore|iPhone.Build.0 = Debug|Any CPU
		{FB316770-0E67-4B7A-92A8-3AA32603BFB5}.AppStore|iPhone.Deploy.0 = Debug|Any CPU
		{FB316770-0E67-4B7A-92A8-3AA32603BFB5}.AppStore|iPhoneSimulator.ActiveCfg = Debug|Any CPU
		{FB316770-0E67-4B7A-92A8-3AA32603BFB5}.AppStore|iPhoneSimulator.Build.0 = Debug|Any CPU
		{FB316770-0E67-4B7A-92A8-3AA32603BFB5}.AppStore|iPhoneSimulator.Deploy.0 = Debug|Any CPU
		{FB316770-0E67-4B7A-92A8-3AA32603BFB5}.AppStore|x64.ActiveCfg = Debug|Any CPU
		{FB316770-0E67-4B7A-92A8-3AA32603BFB5}.AppStore|x64.Build.0 = Debug|Any CPU
		{FB316770-0E67-4B7A-92A8-3AA32603BFB5}.AppStore|x64.Deploy.0 = Debug|Any CPU
		{FB316770-0E67-4B7A-92A8-3AA32603BFB5}.AppStore|x86.ActiveCfg = Debug|Any CPU
		{FB316770-0E67-4B7A-92A8-3AA32603BFB5}.AppStore|x86.Build.0 = Debug|Any CPU
		{FB316770-0E67-4B7A-92A8-3AA32603BFB5}.AppStore|x86.Deploy.0 = Debug|Any CPU
		{FB316770-0E67-4B7A-92A8-3AA32603BFB5}.Debug|Any CPU.ActiveCfg = Debug|Any CPU
		{FB316770-0E67-4B7A-92A8-3AA32603BFB5}.Debug|Any CPU.Build.0 = Debug|Any CPU
		{FB316770-0E67-4B7A-92A8-3AA32603BFB5}.Debug|Any CPU.Deploy.0 = Debug|Any CPU
		{FB316770-0E67-4B7A-92A8-3AA32603BFB5}.Debug|ARM.ActiveCfg = Debug|Any CPU
		{FB316770-0E67-4B7A-92A8-3AA32603BFB5}.Debug|ARM.Build.0 = Debug|Any CPU
		{FB316770-0E67-4B7A-92A8-3AA32603BFB5}.Debug|ARM.Deploy.0 = Debug|Any CPU
		{FB316770-0E67-4B7A-92A8-3AA32603BFB5}.Debug|iPhone.ActiveCfg = Debug|Any CPU
		{FB316770-0E67-4B7A-92A8-3AA32603BFB5}.Debug|iPhone.Build.0 = Debug|Any CPU
		{FB316770-0E67-4B7A-92A8-3AA32603BFB5}.Debug|iPhone.Deploy.0 = Debug|Any CPU
		{FB316770-0E67-4B7A-92A8-3AA32603BFB5}.Debug|iPhoneSimulator.ActiveCfg = Debug|Any CPU
		{FB316770-0E67-4B7A-92A8-3AA32603BFB5}.Debug|iPhoneSimulator.Build.0 = Debug|Any CPU
		{FB316770-0E67-4B7A-92A8-3AA32603BFB5}.Debug|iPhoneSimulator.Deploy.0 = Debug|Any CPU
		{FB316770-0E67-4B7A-92A8-3AA32603BFB5}.Debug|x64.ActiveCfg = Debug|Any CPU
		{FB316770-0E67-4B7A-92A8-3AA32603BFB5}.Debug|x64.Build.0 = Debug|Any CPU
		{FB316770-0E67-4B7A-92A8-3AA32603BFB5}.Debug|x64.Deploy.0 = Debug|Any CPU
		{FB316770-0E67-4B7A-92A8-3AA32603BFB5}.Debug|x86.ActiveCfg = Debug|Any CPU
		{FB316770-0E67-4B7A-92A8-3AA32603BFB5}.Debug|x86.Build.0 = Debug|Any CPU
		{FB316770-0E67-4B7A-92A8-3AA32603BFB5}.Debug|x86.Deploy.0 = Debug|Any CPU
		{FB316770-0E67-4B7A-92A8-3AA32603BFB5}.Release|Any CPU.ActiveCfg = Release|Any CPU
		{FB316770-0E67-4B7A-92A8-3AA32603BFB5}.Release|Any CPU.Build.0 = Release|Any CPU
		{FB316770-0E67-4B7A-92A8-3AA32603BFB5}.Release|Any CPU.Deploy.0 = Release|Any CPU
		{FB316770-0E67-4B7A-92A8-3AA32603BFB5}.Release|ARM.ActiveCfg = Release|Any CPU
		{FB316770-0E67-4B7A-92A8-3AA32603BFB5}.Release|ARM.Build.0 = Release|Any CPU
		{FB316770-0E67-4B7A-92A8-3AA32603BFB5}.Release|ARM.Deploy.0 = Release|Any CPU
		{FB316770-0E67-4B7A-92A8-3AA32603BFB5}.Release|iPhone.ActiveCfg = Release|Any CPU
		{FB316770-0E67-4B7A-92A8-3AA32603BFB5}.Release|iPhone.Build.0 = Release|Any CPU
		{FB316770-0E67-4B7A-92A8-3AA32603BFB5}.Release|iPhone.Deploy.0 = Release|Any CPU
		{FB316770-0E67-4B7A-92A8-3AA32603BFB5}.Release|iPhoneSimulator.ActiveCfg = Release|Any CPU
		{FB316770-0E67-4B7A-92A8-3AA32603BFB5}.Release|iPhoneSimulator.Build.0 = Release|Any CPU
		{FB316770-0E67-4B7A-92A8-3AA32603BFB5}.Release|iPhoneSimulator.Deploy.0 = Release|Any CPU
		{FB316770-0E67-4B7A-92A8-3AA32603BFB5}.Release|x64.ActiveCfg = Release|Any CPU
		{FB316770-0E67-4B7A-92A8-3AA32603BFB5}.Release|x64.Build.0 = Release|Any CPU
		{FB316770-0E67-4B7A-92A8-3AA32603BFB5}.Release|x64.Deploy.0 = Release|Any CPU
		{FB316770-0E67-4B7A-92A8-3AA32603BFB5}.Release|x86.ActiveCfg = Release|Any CPU
		{FB316770-0E67-4B7A-92A8-3AA32603BFB5}.Release|x86.Build.0 = Release|Any CPU
		{FB316770-0E67-4B7A-92A8-3AA32603BFB5}.Release|x86.Deploy.0 = Release|Any CPU
	EndGlobalSection
	GlobalSection(SolutionProperties) = preSolution
		HideSolutionNode = FALSE
	EndGlobalSection
	GlobalSection(ExtensibilityGlobals) = postSolution
		SolutionGuid = {F94B4D8D-66AA-410C-BA4F-AB9FBAC3BC7E}
	EndGlobalSection
EndGlobal
